
Microsoft Visual Studio Solution File, Format Version 12.00
# Visual Studio 15
VisualStudioVersion = 15.0.28307.1209
MinimumVisualStudioVersion = 10.0.40219.1
Project("{00D1A9C2-B5F0-4AF3-8072-F6C62B433612}") = "Database10", "Database10\Database10.sqlproj", "{8B69B52F-C84D-4464-BF0A-8C75F108D963}"
EndProject
Global
	GlobalSection(SolutionConfigurationPlatforms) = preSolution
		Debug|Any CPU = Debug|Any CPU
		Release|Any CPU = Release|Any CPU
	EndGlobalSection
	GlobalSection(ProjectConfigurationPlatforms) = postSolution
		{8B69B52F-C84D-4464-BF0A-8C75F108D963}.Debug|Any CPU.ActiveCfg = Debug|Any CPU
		{8B69B52F-C84D-4464-BF0A-8C75F108D963}.Debug|Any CPU.Build.0 = Debug|Any CPU
		{8B69B52F-C84D-4464-BF0A-8C75F108D963}.Debug|Any CPU.Deploy.0 = Debug|Any CPU
		{8B69B52F-C84D-4464-BF0A-8C75F108D963}.Release|Any CPU.ActiveCfg = Release|Any CPU
		{8B69B52F-C84D-4464-BF0A-8C75F108D963}.Release|Any CPU.Build.0 = Release|Any CPU
		{8B69B52F-C84D-4464-BF0A-8C75F108D963}.Release|Any CPU.Deploy.0 = Release|Any CPU
	EndGlobalSection
	GlobalSection(SolutionProperties) = preSolution
		HideSolutionNode = FALSE
	EndGlobalSection
	GlobalSection(ExtensibilityGlobals) = postSolution
		SolutionGuid = {43D840C1-9A89-4E38-8343-8C2E91926A64}
	EndGlobalSection
EndGlobal
